// !$*UTF8*$!
{
	archiveVersion = 1;
	classes = {
	};
	objectVersion = 51;
	objects = {

/* Begin PBXBuildFile section */
		802BAF3727A0AC3C004B8A5D /* RoadDateView.xib in Resources */ = {isa = PBXBuildFile; fileRef = 802BAF3627A0AC3C004B8A5D /* RoadDateView.xib */; };
		802BAF3927A0AC45004B8A5D /* RoadDateView.swift in Sources */ = {isa = PBXBuildFile; fileRef = 802BAF3827A0AC45004B8A5D /* RoadDateView.swift */; };
		802BAF3C27A0BE28004B8A5D /* RoundTripView.xib in Resources */ = {isa = PBXBuildFile; fileRef = 802BAF3B27A0BE28004B8A5D /* RoundTripView.xib */; };
		802BAF3E27A0BE33004B8A5D /* RoundTripView.swift in Sources */ = {isa = PBXBuildFile; fileRef = 802BAF3D27A0BE33004B8A5D /* RoundTripView.swift */; };
		804994A427A2CF7400EBB0CB /* Service.swift in Sources */ = {isa = PBXBuildFile; fileRef = 804994A327A2CF7400EBB0CB /* Service.swift */; };
		804994A827A2D03200EBB0CB /* Endpoints.swift in Sources */ = {isa = PBXBuildFile; fileRef = 804994A727A2D03200EBB0CB /* Endpoints.swift */; };
		804994AB27A2E92500EBB0CB /* Constant.swift in Sources */ = {isa = PBXBuildFile; fileRef = 804994AA27A2E92500EBB0CB /* Constant.swift */; };
		804994AD27A2E9A300EBB0CB /* DictionaryExtensions.swift in Sources */ = {isa = PBXBuildFile; fileRef = 804994AC27A2E9A300EBB0CB /* DictionaryExtensions.swift */; };
		804994AF27A2EE6E00EBB0CB /* DoubleExtensions.swift in Sources */ = {isa = PBXBuildFile; fileRef = 804994AE27A2EE6E00EBB0CB /* DoubleExtensions.swift */; };
		804994B127A2F4A900EBB0CB /* SessionModel.swift in Sources */ = {isa = PBXBuildFile; fileRef = 804994B027A2F4A900EBB0CB /* SessionModel.swift */; };
		804994B627A35A4100EBB0CB /* UserDefaultsExtensions.swift in Sources */ = {isa = PBXBuildFile; fileRef = 804994B527A35A4100EBB0CB /* UserDefaultsExtensions.swift */; };
		804994B827A35BD800EBB0CB /* ClientAPI.swift in Sources */ = {isa = PBXBuildFile; fileRef = 804994B727A35BD800EBB0CB /* ClientAPI.swift */; };
		8061DE7827A0C8D900516A01 /* PassengerSelectionView.swift in Sources */ = {isa = PBXBuildFile; fileRef = 8061DE7727A0C8D900516A01 /* PassengerSelectionView.swift */; };
		8061DE7A27A0C8E200516A01 /* PassengerSelectionView.xib in Resources */ = {isa = PBXBuildFile; fileRef = 8061DE7927A0C8E200516A01 /* PassengerSelectionView.xib */; };
		8061DE7C27A0DB3D00516A01 /* ColorExtensions.swift in Sources */ = {isa = PBXBuildFile; fileRef = 8061DE7B27A0DB3D00516A01 /* ColorExtensions.swift */; };
		80C3D9A427A3DD6500B42F82 /* BusAPI.swift in Sources */ = {isa = PBXBuildFile; fileRef = 80C3D9A327A3DD6500B42F82 /* BusAPI.swift */; };
		80C3D9A627A3DE9600B42F82 /* BusLocationResponse.swift in Sources */ = {isa = PBXBuildFile; fileRef = 80C3D9A527A3DE9600B42F82 /* BusLocationResponse.swift */; };
		80C3D9A827A3DFDF00B42F82 /* BaseModel.swift in Sources */ = {isa = PBXBuildFile; fileRef = 80C3D9A727A3DFDF00B42F82 /* BaseModel.swift */; };
		80C3D9AA27A3E9D000B42F82 /* TicketSearchVM.swift in Sources */ = {isa = PBXBuildFile; fileRef = 80C3D9A927A3E9D000B42F82 /* TicketSearchVM.swift */; };
		80C3D9AC27A40FA800B42F82 /* DateExtensions.swift in Sources */ = {isa = PBXBuildFile; fileRef = 80C3D9AB27A40FA800B42F82 /* DateExtensions.swift */; };
		80C3D9AE27A4342900B42F82 /* BusJourneysResponse.swift in Sources */ = {isa = PBXBuildFile; fileRef = 80C3D9AD27A4342900B42F82 /* BusJourneysResponse.swift */; };
		80C3D9B127A4481C00B42F82 /* TicketResultScreenVC.swift in Sources */ = {isa = PBXBuildFile; fileRef = 80C3D9B027A4481C00B42F82 /* TicketResultScreenVC.swift */; };
		80C3D9B327A4483000B42F82 /* TicketResultScreenVM.swift in Sources */ = {isa = PBXBuildFile; fileRef = 80C3D9B227A4483000B42F82 /* TicketResultScreenVM.swift */; };
		80C3D9B727A44A0300B42F82 /* TicketDetailView.swift in Sources */ = {isa = PBXBuildFile; fileRef = 80C3D9B527A44A0300B42F82 /* TicketDetailView.swift */; };
		80C3D9B827A44A0300B42F82 /* TicketDetailView.xib in Resources */ = {isa = PBXBuildFile; fileRef = 80C3D9B627A44A0300B42F82 /* TicketDetailView.xib */; };
		80C563B327A0530F0038D61C /* AppDelegate.swift in Sources */ = {isa = PBXBuildFile; fileRef = 80C563B227A0530F0038D61C /* AppDelegate.swift */; };
		80C563B527A0530F0038D61C /* SceneDelegate.swift in Sources */ = {isa = PBXBuildFile; fileRef = 80C563B427A0530F0038D61C /* SceneDelegate.swift */; };
		80C563B727A0530F0038D61C /* ViewController.swift in Sources */ = {isa = PBXBuildFile; fileRef = 80C563B627A0530F0038D61C /* ViewController.swift */; };
		80C563BA27A0530F0038D61C /* Main.storyboard in Resources */ = {isa = PBXBuildFile; fileRef = 80C563B827A0530F0038D61C /* Main.storyboard */; };
		80C563BC27A053110038D61C /* Assets.xcassets in Resources */ = {isa = PBXBuildFile; fileRef = 80C563BB27A053110038D61C /* Assets.xcassets */; };
		80C563BF27A053110038D61C /* LaunchScreen.storyboard in Resources */ = {isa = PBXBuildFile; fileRef = 80C563BD27A053110038D61C /* LaunchScreen.storyboard */; };
		80C563C927A059590038D61C /* NavigationBar.swift in Sources */ = {isa = PBXBuildFile; fileRef = 80C563C827A059590038D61C /* NavigationBar.swift */; };
		80C563CB27A059720038D61C /* NavigationBar.xib in Resources */ = {isa = PBXBuildFile; fileRef = 80C563CA27A059720038D61C /* NavigationBar.xib */; };
		80C563CE27A05E230038D61C /* TicketStatusView.xib in Resources */ = {isa = PBXBuildFile; fileRef = 80C563CD27A05E230038D61C /* TicketStatusView.xib */; };
		80C563D027A05E2A0038D61C /* TicketStatusView.swift in Sources */ = {isa = PBXBuildFile; fileRef = 80C563CF27A05E2A0038D61C /* TicketStatusView.swift */; };
		80C563D427A0633A0038D61C /* ViewExtensions.swift in Sources */ = {isa = PBXBuildFile; fileRef = 80C563D327A0633A0038D61C /* ViewExtensions.swift */; };
		80C563D727A07DB70038D61C /* RoadCityView.xib in Resources */ = {isa = PBXBuildFile; fileRef = 80C563D627A07DB70038D61C /* RoadCityView.xib */; };
		80C563D927A07DC20038D61C /* RoadCityView.swift in Sources */ = {isa = PBXBuildFile; fileRef = 80C563D827A07DC20038D61C /* RoadCityView.swift */; };
		AF446E9E4E3BCE6F8A8A402A /* Pods_OBilet_Project.framework in Frameworks */ = {isa = PBXBuildFile; fileRef = 9453420B1EB6A65C414D2DBC /* Pods_OBilet_Project.framework */; };
/* End PBXBuildFile section */

/* Begin PBXFileReference section */
		802BAF3627A0AC3C004B8A5D /* RoadDateView.xib */ = {isa = PBXFileReference; lastKnownFileType = file.xib; path = RoadDateView.xib; sourceTree = "<group>"; };
		802BAF3827A0AC45004B8A5D /* RoadDateView.swift */ = {isa = PBXFileReference; lastKnownFileType = sourcecode.swift; path = RoadDateView.swift; sourceTree = "<group>"; };
		802BAF3B27A0BE28004B8A5D /* RoundTripView.xib */ = {isa = PBXFileReference; lastKnownFileType = file.xib; path = RoundTripView.xib; sourceTree = "<group>"; };
		802BAF3D27A0BE33004B8A5D /* RoundTripView.swift */ = {isa = PBXFileReference; lastKnownFileType = sourcecode.swift; path = RoundTripView.swift; sourceTree = "<group>"; };
		804994A327A2CF7400EBB0CB /* Service.swift */ = {isa = PBXFileReference; lastKnownFileType = sourcecode.swift; path = Service.swift; sourceTree = "<group>"; };
		804994A727A2D03200EBB0CB /* Endpoints.swift */ = {isa = PBXFileReference; lastKnownFileType = sourcecode.swift; path = Endpoints.swift; sourceTree = "<group>"; };
		804994AA27A2E92500EBB0CB /* Constant.swift */ = {isa = PBXFileReference; lastKnownFileType = sourcecode.swift; path = Constant.swift; sourceTree = "<group>"; };
		804994AC27A2E9A300EBB0CB /* DictionaryExtensions.swift */ = {isa = PBXFileReference; lastKnownFileType = sourcecode.swift; path = DictionaryExtensions.swift; sourceTree = "<group>"; };
		804994AE27A2EE6E00EBB0CB /* DoubleExtensions.swift */ = {isa = PBXFileReference; lastKnownFileType = sourcecode.swift; path = DoubleExtensions.swift; sourceTree = "<group>"; };
		804994B027A2F4A900EBB0CB /* SessionModel.swift */ = {isa = PBXFileReference; lastKnownFileType = sourcecode.swift; path = SessionModel.swift; sourceTree = "<group>"; };
		804994B527A35A4100EBB0CB /* UserDefaultsExtensions.swift */ = {isa = PBXFileReference; lastKnownFileType = sourcecode.swift; path = UserDefaultsExtensions.swift; sourceTree = "<group>"; };
		804994B727A35BD800EBB0CB /* ClientAPI.swift */ = {isa = PBXFileReference; lastKnownFileType = sourcecode.swift; path = ClientAPI.swift; sourceTree = "<group>"; };
		8061DE7727A0C8D900516A01 /* PassengerSelectionView.swift */ = {isa = PBXFileReference; lastKnownFileType = sourcecode.swift; path = PassengerSelectionView.swift; sourceTree = "<group>"; };
		8061DE7927A0C8E200516A01 /* PassengerSelectionView.xib */ = {isa = PBXFileReference; lastKnownFileType = file.xib; path = PassengerSelectionView.xib; sourceTree = "<group>"; };
		8061DE7B27A0DB3D00516A01 /* ColorExtensions.swift */ = {isa = PBXFileReference; lastKnownFileType = sourcecode.swift; path = ColorExtensions.swift; sourceTree = "<group>"; };
		80C3D9A327A3DD6500B42F82 /* BusAPI.swift */ = {isa = PBXFileReference; lastKnownFileType = sourcecode.swift; path = BusAPI.swift; sourceTree = "<group>"; };
		80C3D9A527A3DE9600B42F82 /* BusLocationResponse.swift */ = {isa = PBXFileReference; lastKnownFileType = sourcecode.swift; path = BusLocationResponse.swift; sourceTree = "<group>"; };
		80C3D9A727A3DFDF00B42F82 /* BaseModel.swift */ = {isa = PBXFileReference; lastKnownFileType = sourcecode.swift; path = BaseModel.swift; sourceTree = "<group>"; };
		80C3D9A927A3E9D000B42F82 /* TicketSearchVM.swift */ = {isa = PBXFileReference; lastKnownFileType = sourcecode.swift; path = TicketSearchVM.swift; sourceTree = "<group>"; };
		80C3D9AB27A40FA800B42F82 /* DateExtensions.swift */ = {isa = PBXFileReference; lastKnownFileType = sourcecode.swift; path = DateExtensions.swift; sourceTree = "<group>"; };
		80C3D9AD27A4342900B42F82 /* BusJourneysResponse.swift */ = {isa = PBXFileReference; lastKnownFileType = sourcecode.swift; path = BusJourneysResponse.swift; sourceTree = "<group>"; };
		80C3D9B027A4481C00B42F82 /* TicketResultScreenVC.swift */ = {isa = PBXFileReference; lastKnownFileType = sourcecode.swift; path = TicketResultScreenVC.swift; sourceTree = "<group>"; };
		80C3D9B227A4483000B42F82 /* TicketResultScreenVM.swift */ = {isa = PBXFileReference; lastKnownFileType = sourcecode.swift; path = TicketResultScreenVM.swift; sourceTree = "<group>"; };
		80C3D9B527A44A0300B42F82 /* TicketDetailView.swift */ = {isa = PBXFileReference; lastKnownFileType = sourcecode.swift; path = TicketDetailView.swift; sourceTree = "<group>"; };
		80C3D9B627A44A0300B42F82 /* TicketDetailView.xib */ = {isa = PBXFileReference; lastKnownFileType = file.xib; path = TicketDetailView.xib; sourceTree = "<group>"; };
		80C563AF27A0530F0038D61C /* OBilet-Project.app */ = {isa = PBXFileReference; explicitFileType = wrapper.application; includeInIndex = 0; path = "OBilet-Project.app"; sourceTree = BUILT_PRODUCTS_DIR; };
		80C563B227A0530F0038D61C /* AppDelegate.swift */ = {isa = PBXFileReference; lastKnownFileType = sourcecode.swift; path = AppDelegate.swift; sourceTree = "<group>"; };
		80C563B427A0530F0038D61C /* SceneDelegate.swift */ = {isa = PBXFileReference; lastKnownFileType = sourcecode.swift; path = SceneDelegate.swift; sourceTree = "<group>"; };
		80C563B627A0530F0038D61C /* ViewController.swift */ = {isa = PBXFileReference; lastKnownFileType = sourcecode.swift; path = ViewController.swift; sourceTree = "<group>"; };
		80C563B927A0530F0038D61C /* Base */ = {isa = PBXFileReference; lastKnownFileType = file.storyboard; name = Base; path = Base.lproj/Main.storyboard; sourceTree = "<group>"; };
		80C563BB27A053110038D61C /* Assets.xcassets */ = {isa = PBXFileReference; lastKnownFileType = folder.assetcatalog; path = Assets.xcassets; sourceTree = "<group>"; };
		80C563BE27A053110038D61C /* Base */ = {isa = PBXFileReference; lastKnownFileType = file.storyboard; name = Base; path = Base.lproj/LaunchScreen.storyboard; sourceTree = "<group>"; };
		80C563C027A053110038D61C /* Info.plist */ = {isa = PBXFileReference; lastKnownFileType = text.plist.xml; path = Info.plist; sourceTree = "<group>"; };
		80C563C827A059590038D61C /* NavigationBar.swift */ = {isa = PBXFileReference; lastKnownFileType = sourcecode.swift; path = NavigationBar.swift; sourceTree = "<group>"; };
		80C563CA27A059720038D61C /* NavigationBar.xib */ = {isa = PBXFileReference; lastKnownFileType = file.xib; path = NavigationBar.xib; sourceTree = "<group>"; };
		80C563CD27A05E230038D61C /* TicketStatusView.xib */ = {isa = PBXFileReference; lastKnownFileType = file.xib; path = TicketStatusView.xib; sourceTree = "<group>"; };
		80C563CF27A05E2A0038D61C /* TicketStatusView.swift */ = {isa = PBXFileReference; lastKnownFileType = sourcecode.swift; path = TicketStatusView.swift; sourceTree = "<group>"; };
		80C563D327A0633A0038D61C /* ViewExtensions.swift */ = {isa = PBXFileReference; lastKnownFileType = sourcecode.swift; path = ViewExtensions.swift; sourceTree = "<group>"; };
		80C563D627A07DB70038D61C /* RoadCityView.xib */ = {isa = PBXFileReference; lastKnownFileType = file.xib; path = RoadCityView.xib; sourceTree = "<group>"; };
		80C563D827A07DC20038D61C /* RoadCityView.swift */ = {isa = PBXFileReference; lastKnownFileType = sourcecode.swift; path = RoadCityView.swift; sourceTree = "<group>"; };
		9453420B1EB6A65C414D2DBC /* Pods_OBilet_Project.framework */ = {isa = PBXFileReference; explicitFileType = wrapper.framework; includeInIndex = 0; path = Pods_OBilet_Project.framework; sourceTree = BUILT_PRODUCTS_DIR; };
		B2651B1A4DD50DC2438DEB6D /* Pods-OBilet-Project.release.xcconfig */ = {isa = PBXFileReference; includeInIndex = 1; lastKnownFileType = text.xcconfig; name = "Pods-OBilet-Project.release.xcconfig"; path = "Target Support Files/Pods-OBilet-Project/Pods-OBilet-Project.release.xcconfig"; sourceTree = "<group>"; };
		DC444511C88B047261A4CEDA /* Pods-OBilet-Project.debug.xcconfig */ = {isa = PBXFileReference; includeInIndex = 1; lastKnownFileType = text.xcconfig; name = "Pods-OBilet-Project.debug.xcconfig"; path = "Target Support Files/Pods-OBilet-Project/Pods-OBilet-Project.debug.xcconfig"; sourceTree = "<group>"; };
/* End PBXFileReference section */

/* Begin PBXFrameworksBuildPhase section */
		80C563AC27A0530F0038D61C /* Frameworks */ = {
			isa = PBXFrameworksBuildPhase;
			buildActionMask = 2147483647;
			files = (
				AF446E9E4E3BCE6F8A8A402A /* Pods_OBilet_Project.framework in Frameworks */,
			);
			runOnlyForDeploymentPostprocessing = 0;
		};
/* End PBXFrameworksBuildPhase section */

/* Begin PBXGroup section */
		802BAF3527A0AB57004B8A5D /* RoadDateView */ = {
			isa = PBXGroup;
			children = (
				802BAF3627A0AC3C004B8A5D /* RoadDateView.xib */,
				802BAF3827A0AC45004B8A5D /* RoadDateView.swift */,
			);
			path = RoadDateView;
			sourceTree = "<group>";
		};
		802BAF3A27A0BD4C004B8A5D /* RoundTripView */ = {
			isa = PBXGroup;
			children = (
				802BAF3B27A0BE28004B8A5D /* RoundTripView.xib */,
				802BAF3D27A0BE33004B8A5D /* RoundTripView.swift */,
			);
			path = RoundTripView;
			sourceTree = "<group>";
		};
		8049949C27A2CA8800EBB0CB /* Application */ = {
			isa = PBXGroup;
			children = (
				80C563B827A0530F0038D61C /* Main.storyboard */,
				8049949E27A2CC2700EBB0CB /* TicketResultScreen */,
				8049949D27A2CC1700EBB0CB /* TicketSearchScreen */,
			);
			path = Application;
			sourceTree = "<group>";
		};
		8049949D27A2CC1700EBB0CB /* TicketSearchScreen */ = {
			isa = PBXGroup;
			children = (
				80C563B627A0530F0038D61C /* ViewController.swift */,
				80C3D9A927A3E9D000B42F82 /* TicketSearchVM.swift */,
			);
			path = TicketSearchScreen;
			sourceTree = "<group>";
		};
		8049949E27A2CC2700EBB0CB /* TicketResultScreen */ = {
			isa = PBXGroup;
			children = (
				80C3D9B427A449DE00B42F82 /* Cell */,
				80C3D9B027A4481C00B42F82 /* TicketResultScreenVC.swift */,
				80C3D9B227A4483000B42F82 /* TicketResultScreenVM.swift */,
			);
			path = TicketResultScreen;
			sourceTree = "<group>";
		};
		8049949F27A2CE0B00EBB0CB /* Service */ = {
			isa = PBXGroup;
			children = (
				804994A627A2D01C00EBB0CB /* Endpoints */,
				804994A227A2CF5C00EBB0CB /* Service */,
				804994A127A2CEB600EBB0CB /* Models */,
			);
			path = Service;
			sourceTree = "<group>";
		};
		804994A027A2CE6A00EBB0CB /* AppDelegate */ = {
			isa = PBXGroup;
			children = (
				80C563B227A0530F0038D61C /* AppDelegate.swift */,
				80C563B427A0530F0038D61C /* SceneDelegate.swift */,
				80C563BD27A053110038D61C /* LaunchScreen.storyboard */,
			);
			path = AppDelegate;
			sourceTree = "<group>";
		};
		804994A127A2CEB600EBB0CB /* Models */ = {
			isa = PBXGroup;
			children = (
				804994B027A2F4A900EBB0CB /* SessionModel.swift */,
				80C3D9A527A3DE9600B42F82 /* BusLocationResponse.swift */,
				80C3D9A727A3DFDF00B42F82 /* BaseModel.swift */,
				80C3D9AD27A4342900B42F82 /* BusJourneysResponse.swift */,
			);
			path = Models;
			sourceTree = "<group>";
		};
		804994A227A2CF5C00EBB0CB /* Service */ = {
			isa = PBXGroup;
			children = (
				804994A527A2CF8200EBB0CB /* API */,
				804994A327A2CF7400EBB0CB /* Service.swift */,
			);
			path = Service;
			sourceTree = "<group>";
		};
		804994A527A2CF8200EBB0CB /* API */ = {
			isa = PBXGroup;
			children = (
				804994B727A35BD800EBB0CB /* ClientAPI.swift */,
				80C3D9A327A3DD6500B42F82 /* BusAPI.swift */,
			);
			path = API;
			sourceTree = "<group>";
		};
		804994A627A2D01C00EBB0CB /* Endpoints */ = {
			isa = PBXGroup;
			children = (
				804994A727A2D03200EBB0CB /* Endpoints.swift */,
			);
			path = Endpoints;
			sourceTree = "<group>";
		};
		804994A927A2E90800EBB0CB /* Constant */ = {
			isa = PBXGroup;
			children = (
				804994AA27A2E92500EBB0CB /* Constant.swift */,
			);
			path = Constant;
			sourceTree = "<group>";
		};
		8061DE7627A0C8A800516A01 /* PassengerSelectionView */ = {
			isa = PBXGroup;
			children = (
				8061DE7727A0C8D900516A01 /* PassengerSelectionView.swift */,
				8061DE7927A0C8E200516A01 /* PassengerSelectionView.xib */,
			);
			path = PassengerSelectionView;
			sourceTree = "<group>";
		};
		80C3D9B427A449DE00B42F82 /* Cell */ = {
			isa = PBXGroup;
			children = (
				80C3D9B527A44A0300B42F82 /* TicketDetailView.swift */,
				80C3D9B627A44A0300B42F82 /* TicketDetailView.xib */,
			);
			path = Cell;
			sourceTree = "<group>";
		};
		80C563A627A0530F0038D61C = {
			isa = PBXGroup;
			children = (
				80C563B127A0530F0038D61C /* OBilet-Project */,
				80C563B027A0530F0038D61C /* Products */,
				C1D338FFCF8F28642FA4D353 /* Pods */,
				D2AD721E9E45B3900A1CC64A /* Frameworks */,
			);
			sourceTree = "<group>";
		};
		80C563B027A0530F0038D61C /* Products */ = {
			isa = PBXGroup;
			children = (
				80C563AF27A0530F0038D61C /* OBilet-Project.app */,
			);
			name = Products;
			sourceTree = "<group>";
		};
		80C563B127A0530F0038D61C /* OBilet-Project */ = {
			isa = PBXGroup;
			children = (
				80C563C027A053110038D61C /* Info.plist */,
				804994A027A2CE6A00EBB0CB /* AppDelegate */,
				8049949F27A2CE0B00EBB0CB /* Service */,
				8049949C27A2CA8800EBB0CB /* Application */,
				80C563D127A0630E0038D61C /* Support */,
				80C563C627A058BB0038D61C /* CustomViews */,
				80C563BB27A053110038D61C /* Assets.xcassets */,
			);
			path = "OBilet-Project";
			sourceTree = "<group>";
		};
		80C563C627A058BB0038D61C /* CustomViews */ = {
			isa = PBXGroup;
			children = (
				8061DE7627A0C8A800516A01 /* PassengerSelectionView */,
				802BAF3A27A0BD4C004B8A5D /* RoundTripView */,
				802BAF3527A0AB57004B8A5D /* RoadDateView */,
				80C563D527A064890038D61C /* RoadCityView */,
				80C563CC27A05E0A0038D61C /* TicketStatusView */,
				80C563C727A058D20038D61C /* NavigationBar */,
			);
			path = CustomViews;
			sourceTree = "<group>";
		};
		80C563C727A058D20038D61C /* NavigationBar */ = {
			isa = PBXGroup;
			children = (
				80C563C827A059590038D61C /* NavigationBar.swift */,
				80C563CA27A059720038D61C /* NavigationBar.xib */,
			);
			path = NavigationBar;
			sourceTree = "<group>";
		};
		80C563CC27A05E0A0038D61C /* TicketStatusView */ = {
			isa = PBXGroup;
			children = (
				80C563CD27A05E230038D61C /* TicketStatusView.xib */,
				80C563CF27A05E2A0038D61C /* TicketStatusView.swift */,
			);
			path = TicketStatusView;
			sourceTree = "<group>";
		};
		80C563D127A0630E0038D61C /* Support */ = {
			isa = PBXGroup;
			children = (
				804994A927A2E90800EBB0CB /* Constant */,
				80C563D227A063210038D61C /* Extensions */,
			);
			path = Support;
			sourceTree = "<group>";
		};
		80C563D227A063210038D61C /* Extensions */ = {
			isa = PBXGroup;
			children = (
				80C563D327A0633A0038D61C /* ViewExtensions.swift */,
				8061DE7B27A0DB3D00516A01 /* ColorExtensions.swift */,
				804994AC27A2E9A300EBB0CB /* DictionaryExtensions.swift */,
				804994AE27A2EE6E00EBB0CB /* DoubleExtensions.swift */,
				804994B527A35A4100EBB0CB /* UserDefaultsExtensions.swift */,
				80C3D9AB27A40FA800B42F82 /* DateExtensions.swift */,
			);
			path = Extensions;
			sourceTree = "<group>";
		};
		80C563D527A064890038D61C /* RoadCityView */ = {
			isa = PBXGroup;
			children = (
				80C563D627A07DB70038D61C /* RoadCityView.xib */,
				80C563D827A07DC20038D61C /* RoadCityView.swift */,
			);
			path = RoadCityView;
			sourceTree = "<group>";
		};
		C1D338FFCF8F28642FA4D353 /* Pods */ = {
			isa = PBXGroup;
			children = (
				DC444511C88B047261A4CEDA /* Pods-OBilet-Project.debug.xcconfig */,
				B2651B1A4DD50DC2438DEB6D /* Pods-OBilet-Project.release.xcconfig */,
			);
			path = Pods;
			sourceTree = "<group>";
		};
		D2AD721E9E45B3900A1CC64A /* Frameworks */ = {
			isa = PBXGroup;
			children = (
				9453420B1EB6A65C414D2DBC /* Pods_OBilet_Project.framework */,
			);
			name = Frameworks;
			sourceTree = "<group>";
		};
/* End PBXGroup section */

/* Begin PBXNativeTarget section */
		80C563AE27A0530F0038D61C /* OBilet-Project */ = {
			isa = PBXNativeTarget;
			buildConfigurationList = 80C563C327A053110038D61C /* Build configuration list for PBXNativeTarget "OBilet-Project" */;
			buildPhases = (
				85ACF3DA5B59E24F1825D51A /* [CP] Check Pods Manifest.lock */,
				80C563AB27A0530F0038D61C /* Sources */,
				80C563AC27A0530F0038D61C /* Frameworks */,
				80C563AD27A0530F0038D61C /* Resources */,
				2C0532713160BB4246BD9053 /* [CP] Embed Pods Frameworks */,
			);
			buildRules = (
			);
			dependencies = (
			);
			name = "OBilet-Project";
			productName = "OBilet-Project";
			productReference = 80C563AF27A0530F0038D61C /* OBilet-Project.app */;
			productType = "com.apple.product-type.application";
		};
/* End PBXNativeTarget section */

/* Begin PBXProject section */
		80C563A727A0530F0038D61C /* Project object */ = {
			isa = PBXProject;
			attributes = {
				LastSwiftUpdateCheck = 1250;
				LastUpgradeCheck = 1250;
				TargetAttributes = {
					80C563AE27A0530F0038D61C = {
						CreatedOnToolsVersion = 12.5.1;
					};
				};
			};
			buildConfigurationList = 80C563AA27A0530F0038D61C /* Build configuration list for PBXProject "OBilet-Project" */;
			compatibilityVersion = "Xcode 9.3";
			developmentRegion = en;
			hasScannedForEncodings = 0;
			knownRegions = (
				en,
				Base,
			);
			mainGroup = 80C563A627A0530F0038D61C;
			productRefGroup = 80C563B027A0530F0038D61C /* Products */;
			projectDirPath = "";
			projectRoot = "";
			targets = (
				80C563AE27A0530F0038D61C /* OBilet-Project */,
			);
		};
/* End PBXProject section */

/* Begin PBXResourcesBuildPhase section */
		80C563AD27A0530F0038D61C /* Resources */ = {
			isa = PBXResourcesBuildPhase;
			buildActionMask = 2147483647;
			files = (
				802BAF3727A0AC3C004B8A5D /* RoadDateView.xib in Resources */,
				80C3D9B827A44A0300B42F82 /* TicketDetailView.xib in Resources */,
				80C563CE27A05E230038D61C /* TicketStatusView.xib in Resources */,
				8061DE7A27A0C8E200516A01 /* PassengerSelectionView.xib in Resources */,
				80C563BF27A053110038D61C /* LaunchScreen.storyboard in Resources */,
				80C563BC27A053110038D61C /* Assets.xcassets in Resources */,
				802BAF3C27A0BE28004B8A5D /* RoundTripView.xib in Resources */,
				80C563D727A07DB70038D61C /* RoadCityView.xib in Resources */,
				80C563BA27A0530F0038D61C /* Main.storyboard in Resources */,
				80C563CB27A059720038D61C /* NavigationBar.xib in Resources */,
			);
			runOnlyForDeploymentPostprocessing = 0;
		};
/* End PBXResourcesBuildPhase section */

/* Begin PBXShellScriptBuildPhase section */
		2C0532713160BB4246BD9053 /* [CP] Embed Pods Frameworks */ = {
			isa = PBXShellScriptBuildPhase;
			buildActionMask = 2147483647;
			files = (
			);
			inputFileListPaths = (
				"${PODS_ROOT}/Target Support Files/Pods-OBilet-Project/Pods-OBilet-Project-frameworks-${CONFIGURATION}-input-files.xcfilelist",
			);
			name = "[CP] Embed Pods Frameworks";
			outputFileListPaths = (
				"${PODS_ROOT}/Target Support Files/Pods-OBilet-Project/Pods-OBilet-Project-frameworks-${CONFIGURATION}-output-files.xcfilelist",
			);
			runOnlyForDeploymentPostprocessing = 0;
			shellPath = /bin/sh;
			shellScript = "\"${PODS_ROOT}/Target Support Files/Pods-OBilet-Project/Pods-OBilet-Project-frameworks.sh\"\n";
			showEnvVarsInLog = 0;
		};
		85ACF3DA5B59E24F1825D51A /* [CP] Check Pods Manifest.lock */ = {
			isa = PBXShellScriptBuildPhase;
			buildActionMask = 2147483647;
			files = (
			);
			inputFileListPaths = (
			);
			inputPaths = (
				"${PODS_PODFILE_DIR_PATH}/Podfile.lock",
				"${PODS_ROOT}/Manifest.lock",
			);
			name = "[CP] Check Pods Manifest.lock";
			outputFileListPaths = (
			);
			outputPaths = (
				"$(DERIVED_FILE_DIR)/Pods-OBilet-Project-checkManifestLockResult.txt",
			);
			runOnlyForDeploymentPostprocessing = 0;
			shellPath = /bin/sh;
			shellScript = "diff \"${PODS_PODFILE_DIR_PATH}/Podfile.lock\" \"${PODS_ROOT}/Manifest.lock\" > /dev/null\nif [ $? != 0 ] ; then\n    # print error to STDERR\n    echo \"error: The sandbox is not in sync with the Podfile.lock. Run 'pod install' or update your CocoaPods installation.\" >&2\n    exit 1\nfi\n# This output is used by Xcode 'outputs' to avoid re-running this script phase.\necho \"SUCCESS\" > \"${SCRIPT_OUTPUT_FILE_0}\"\n";
			showEnvVarsInLog = 0;
		};
/* End PBXShellScriptBuildPhase section */

/* Begin PBXSourcesBuildPhase section */
		80C563AB27A0530F0038D61C /* Sources */ = {
			isa = PBXSourcesBuildPhase;
			buildActionMask = 2147483647;
			files = (
				8061DE7C27A0DB3D00516A01 /* ColorExtensions.swift in Sources */,
				804994B127A2F4A900EBB0CB /* SessionModel.swift in Sources */,
				80C3D9B327A4483000B42F82 /* TicketResultScreenVM.swift in Sources */,
				80C3D9A827A3DFDF00B42F82 /* BaseModel.swift in Sources */,
				804994B627A35A4100EBB0CB /* UserDefaultsExtensions.swift in Sources */,
				80C563B727A0530F0038D61C /* ViewController.swift in Sources */,
				80C3D9AC27A40FA800B42F82 /* DateExtensions.swift in Sources */,
				804994A827A2D03200EBB0CB /* Endpoints.swift in Sources */,
				80C563D027A05E2A0038D61C /* TicketStatusView.swift in Sources */,
				804994B827A35BD800EBB0CB /* ClientAPI.swift in Sources */,
				8061DE7827A0C8D900516A01 /* PassengerSelectionView.swift in Sources */,
				804994AD27A2E9A300EBB0CB /* DictionaryExtensions.swift in Sources */,
				80C563B327A0530F0038D61C /* AppDelegate.swift in Sources */,
				804994A427A2CF7400EBB0CB /* Service.swift in Sources */,
				804994AB27A2E92500EBB0CB /* Constant.swift in Sources */,
				80C3D9AA27A3E9D000B42F82 /* TicketSearchVM.swift in Sources */,
				80C3D9AE27A4342900B42F82 /* BusJourneysResponse.swift in Sources */,
				80C563D427A0633A0038D61C /* ViewExtensions.swift in Sources */,
				802BAF3927A0AC45004B8A5D /* RoadDateView.swift in Sources */,
				80C3D9B727A44A0300B42F82 /* TicketDetailView.swift in Sources */,
				80C563D927A07DC20038D61C /* RoadCityView.swift in Sources */,
				80C3D9B127A4481C00B42F82 /* TicketResultScreenVC.swift in Sources */,
				80C3D9A427A3DD6500B42F82 /* BusAPI.swift in Sources */,
				80C563B527A0530F0038D61C /* SceneDelegate.swift in Sources */,
				80C3D9A627A3DE9600B42F82 /* BusLocationResponse.swift in Sources */,
				804994AF27A2EE6E00EBB0CB /* DoubleExtensions.swift in Sources */,
				80C563C927A059590038D61C /* NavigationBar.swift in Sources */,
				802BAF3E27A0BE33004B8A5D /* RoundTripView.swift in Sources */,
			);
			runOnlyForDeploymentPostprocessing = 0;
		};
/* End PBXSourcesBuildPhase section */

/* Begin PBXVariantGroup section */
		80C563B827A0530F0038D61C /* Main.storyboard */ = {
			isa = PBXVariantGroup;
			children = (
				80C563B927A0530F0038D61C /* Base */,
			);
			name = Main.storyboard;
			sourceTree = "<group>";
		};
		80C563BD27A053110038D61C /* LaunchScreen.storyboard */ = {
			isa = PBXVariantGroup;
			children = (
				80C563BE27A053110038D61C /* Base */,
			);
			name = LaunchScreen.storyboard;
			sourceTree = "<group>";
		};
/* End PBXVariantGroup section */

/* Begin XCBuildConfiguration section */
		80C563C127A053110038D61C /* Debug */ = {
			isa = XCBuildConfiguration;
			buildSettings = {
				ALWAYS_SEARCH_USER_PATHS = NO;
				CLANG_ANALYZER_NONNULL = YES;
				CLANG_ANALYZER_NUMBER_OBJECT_CONVERSION = YES_AGGRESSIVE;
				CLANG_CXX_LANGUAGE_STANDARD = "gnu++14";
				CLANG_CXX_LIBRARY = "libc++";
				CLANG_ENABLE_MODULES = YES;
				CLANG_ENABLE_OBJC_ARC = YES;
				CLANG_ENABLE_OBJC_WEAK = YES;
				CLANG_WARN_BLOCK_CAPTURE_AUTORELEASING = YES;
				CLANG_WARN_BOOL_CONVERSION = YES;
				CLANG_WARN_COMMA = YES;
				CLANG_WARN_CONSTANT_CONVERSION = YES;
				CLANG_WARN_DEPRECATED_OBJC_IMPLEMENTATIONS = YES;
				CLANG_WARN_DIRECT_OBJC_ISA_USAGE = YES_ERROR;
				CLANG_WARN_DOCUMENTATION_COMMENTS = YES;
				CLANG_WARN_EMPTY_BODY = YES;
				CLANG_WARN_ENUM_CONVERSION = YES;
				CLANG_WARN_INFINITE_RECURSION = YES;
				CLANG_WARN_INT_CONVERSION = YES;
				CLANG_WARN_NON_LITERAL_NULL_CONVERSION = YES;
				CLANG_WARN_OBJC_IMPLICIT_RETAIN_SELF = YES;
				CLANG_WARN_OBJC_LITERAL_CONVERSION = YES;
				CLANG_WARN_OBJC_ROOT_CLASS = YES_ERROR;
				CLANG_WARN_QUOTED_INCLUDE_IN_FRAMEWORK_HEADER = YES;
				CLANG_WARN_RANGE_LOOP_ANALYSIS = YES;
				CLANG_WARN_STRICT_PROTOTYPES = YES;
				CLANG_WARN_SUSPICIOUS_MOVE = YES;
				CLANG_WARN_UNGUARDED_AVAILABILITY = YES_AGGRESSIVE;
				CLANG_WARN_UNREACHABLE_CODE = YES;
				CLANG_WARN__DUPLICATE_METHOD_MATCH = YES;
				COPY_PHASE_STRIP = NO;
				DEBUG_INFORMATION_FORMAT = dwarf;
				ENABLE_STRICT_OBJC_MSGSEND = YES;
				ENABLE_TESTABILITY = YES;
				GCC_C_LANGUAGE_STANDARD = gnu11;
				GCC_DYNAMIC_NO_PIC = NO;
				GCC_NO_COMMON_BLOCKS = YES;
				GCC_OPTIMIZATION_LEVEL = 0;
				GCC_PREPROCESSOR_DEFINITIONS = (
					"DEBUG=1",
					"$(inherited)",
				);
				GCC_WARN_64_TO_32_BIT_CONVERSION = YES;
				GCC_WARN_ABOUT_RETURN_TYPE = YES_ERROR;
				GCC_WARN_UNDECLARED_SELECTOR = YES;
				GCC_WARN_UNINITIALIZED_AUTOS = YES_AGGRESSIVE;
				GCC_WARN_UNUSED_FUNCTION = YES;
				GCC_WARN_UNUSED_VARIABLE = YES;
				IPHONEOS_DEPLOYMENT_TARGET = 14.5;
				MTL_ENABLE_DEBUG_INFO = INCLUDE_SOURCE;
				MTL_FAST_MATH = YES;
				ONLY_ACTIVE_ARCH = YES;
				SDKROOT = iphoneos;
				SWIFT_ACTIVE_COMPILATION_CONDITIONS = DEBUG;
				SWIFT_OPTIMIZATION_LEVEL = "-Onone";
			};
			name = Debug;
		};
		80C563C227A053110038D61C /* Release */ = {
			isa = XCBuildConfiguration;
			buildSettings = {
				ALWAYS_SEARCH_USER_PATHS = NO;
				CLANG_ANALYZER_NONNULL = YES;
				CLANG_ANALYZER_NUMBER_OBJECT_CONVERSION = YES_AGGRESSIVE;
				CLANG_CXX_LANGUAGE_STANDARD = "gnu++14";
				CLANG_CXX_LIBRARY = "libc++";
				CLANG_ENABLE_MODULES = YES;
				CLANG_ENABLE_OBJC_ARC = YES;
				CLANG_ENABLE_OBJC_WEAK = YES;
				CLANG_WARN_BLOCK_CAPTURE_AUTORELEASING = YES;
				CLANG_WARN_BOOL_CONVERSION = YES;
				CLANG_WARN_COMMA = YES;
				CLANG_WARN_CONSTANT_CONVERSION = YES;
				CLANG_WARN_DEPRECATED_OBJC_IMPLEMENTATIONS = YES;
				CLANG_WARN_DIRECT_OBJC_ISA_USAGE = YES_ERROR;
				CLANG_WARN_DOCUMENTATION_COMMENTS = YES;
				CLANG_WARN_EMPTY_BODY = YES;
				CLANG_WARN_ENUM_CONVERSION = YES;
				CLANG_WARN_INFINITE_RECURSION = YES;
				CLANG_WARN_INT_CONVERSION = YES;
				CLANG_WARN_NON_LITERAL_NULL_CONVERSION = YES;
				CLANG_WARN_OBJC_IMPLICIT_RETAIN_SELF = YES;
				CLANG_WARN_OBJC_LITERAL_CONVERSION = YES;
				CLANG_WARN_OBJC_ROOT_CLASS = YES_ERROR;
				CLANG_WARN_QUOTED_INCLUDE_IN_FRAMEWORK_HEADER = YES;
				CLANG_WARN_RANGE_LOOP_ANALYSIS = YES;
				CLANG_WARN_STRICT_PROTOTYPES = YES;
				CLANG_WARN_SUSPICIOUS_MOVE = YES;
				CLANG_WARN_UNGUARDED_AVAILABILITY = YES_AGGRESSIVE;
				CLANG_WARN_UNREACHABLE_CODE = YES;
				CLANG_WARN__DUPLICATE_METHOD_MATCH = YES;
				COPY_PHASE_STRIP = NO;
				DEBUG_INFORMATION_FORMAT = "dwarf-with-dsym";
				ENABLE_NS_ASSERTIONS = NO;
				ENABLE_STRICT_OBJC_MSGSEND = YES;
				GCC_C_LANGUAGE_STANDARD = gnu11;
				GCC_NO_COMMON_BLOCKS = YES;
				GCC_WARN_64_TO_32_BIT_CONVERSION = YES;
				GCC_WARN_ABOUT_RETURN_TYPE = YES_ERROR;
				GCC_WARN_UNDECLARED_SELECTOR = YES;
				GCC_WARN_UNINITIALIZED_AUTOS = YES_AGGRESSIVE;
				GCC_WARN_UNUSED_FUNCTION = YES;
				GCC_WARN_UNUSED_VARIABLE = YES;
				IPHONEOS_DEPLOYMENT_TARGET = 14.5;
				MTL_ENABLE_DEBUG_INFO = NO;
				MTL_FAST_MATH = YES;
				SDKROOT = iphoneos;
				SWIFT_COMPILATION_MODE = wholemodule;
				SWIFT_OPTIMIZATION_LEVEL = "-O";
				VALIDATE_PRODUCT = YES;
			};
			name = Release;
		};
		80C563C427A053110038D61C /* Debug */ = {
			isa = XCBuildConfiguration;
			baseConfigurationReference = DC444511C88B047261A4CEDA /* Pods-OBilet-Project.debug.xcconfig */;
			buildSettings = {
				ASSETCATALOG_COMPILER_APPICON_NAME = AppIcon;
				ASSETCATALOG_COMPILER_GLOBAL_ACCENT_COLOR_NAME = AccentColor;
				CODE_SIGN_STYLE = Automatic;
				INFOPLIST_FILE = "OBilet-Project/Info.plist";
				LD_RUNPATH_SEARCH_PATHS = (
					"$(inherited)",
					"@executable_path/Frameworks",
				);
				PRODUCT_BUNDLE_IDENTIFIER = "AliAkgun.OBilet-Project";
				PRODUCT_NAME = "$(TARGET_NAME)";
				SWIFT_VERSION = 5.0;
				TARGETED_DEVICE_FAMILY = "1,2";
			};
			name = Debug;
		};
		80C563C527A053110038D61C /* Release */ = {
			isa = XCBuildConfiguration;
			baseConfigurationReference = B2651B1A4DD50DC2438DEB6D /* Pods-OBilet-Project.release.xcconfig */;
			buildSettings = {
				ASSETCATALOG_COMPILER_APPICON_NAME = AppIcon;
				ASSETCATALOG_COMPILER_GLOBAL_ACCENT_COLOR_NAME = AccentColor;
				CODE_SIGN_STYLE = Automatic;
				INFOPLIST_FILE = "OBilet-Project/Info.plist";
				LD_RUNPATH_SEARCH_PATHS = (
					"$(inherited)",
					"@executable_path/Frameworks",
				);
				PRODUCT_BUNDLE_IDENTIFIER = "AliAkgun.OBilet-Project";
				PRODUCT_NAME = "$(TARGET_NAME)";
				SWIFT_VERSION = 5.0;
				TARGETED_DEVICE_FAMILY = "1,2";
			};
			name = Release;
		};
/* End XCBuildConfiguration section */

/* Begin XCConfigurationList section */
		80C563AA27A0530F0038D61C /* Build configuration list for PBXProject "OBilet-Project" */ = {
			isa = XCConfigurationList;
			buildConfigurations = (
				80C563C127A053110038D61C /* Debug */,
				80C563C227A053110038D61C /* Release */,
			);
			defaultConfigurationIsVisible = 0;
			defaultConfigurationName = Release;
		};
		80C563C327A053110038D61C /* Build configuration list for PBXNativeTarget "OBilet-Project" */ = {
			isa = XCConfigurationList;
			buildConfigurations = (
				80C563C427A053110038D61C /* Debug */,
				80C563C527A053110038D61C /* Release */,
			);
			defaultConfigurationIsVisible = 0;
			defaultConfigurationName = Release;
		};
/* End XCConfigurationList section */
	};
	rootObject = 80C563A727A0530F0038D61C /* Project object */;
}
